
Microsoft Visual Studio Solution File, Format Version 12.00
# Visual Studio Version 17
VisualStudioVersion = 17.9.34616.47
MinimumVisualStudioVersion = 10.0.40219.1
Project("{FAE04EC0-301F-11D3-BF4B-00C04F79EFBC}") = "screen-sound-alura-oop", "screen-sound-alura-oop.csproj", "{4BC05205-C37D-43E7-A175-AC1CC737DE92}"
EndProject
Global
	GlobalSection(SolutionConfigurationPlatforms) = preSolution
		Debug|Any CPU = Debug|Any CPU
		Release|Any CPU = Release|Any CPU
	EndGlobalSection
	GlobalSection(ProjectConfigurationPlatforms) = postSolution
		{4BC05205-C37D-43E7-A175-AC1CC737DE92}.Debug|Any CPU.ActiveCfg = Debug|Any CPU
		{4BC05205-C37D-43E7-A175-AC1CC737DE92}.Debug|Any CPU.Build.0 = Debug|Any CPU
		{4BC05205-C37D-43E7-A175-AC1CC737DE92}.Release|Any CPU.ActiveCfg = Release|Any CPU
		{4BC05205-C37D-43E7-A175-AC1CC737DE92}.Release|Any CPU.Build.0 = Release|Any CPU
	EndGlobalSection
	GlobalSection(SolutionProperties) = preSolution
		HideSolutionNode = FALSE
	EndGlobalSection
	GlobalSection(ExtensibilityGlobals) = postSolution
		SolutionGuid = {CBAE9289-4FD9-47BF-895C-49F3F80A5369}
	EndGlobalSection
EndGlobal
